
Microsoft Visual Studio Solution File, Format Version 12.00
# Visual Studio Version 17
VisualStudioVersion = 17.3.32929.385
MinimumVisualStudioVersion = 10.0.40219.1
Project("{FAE04EC0-301F-11D3-BF4B-00C04F79EFBC}") = "Game_01", "Game_01\Game_01.csproj", "{39138800-DF11-4AAE-937C-B544E3D918BE}"
EndProject
Global
	GlobalSection(SolutionConfigurationPlatforms) = preSolution
		Debug|Any CPU = Debug|Any CPU
		Release|Any CPU = Release|Any CPU
	EndGlobalSection
	GlobalSection(ProjectConfigurationPlatforms) = postSolution
		{39138800-DF11-4AAE-937C-B544E3D918BE}.Debug|Any CPU.ActiveCfg = Debug|Any CPU
		{39138800-DF11-4AAE-937C-B544E3D918BE}.Debug|Any CPU.Build.0 = Debug|Any CPU
		{39138800-DF11-4AAE-937C-B544E3D918BE}.Release|Any CPU.ActiveCfg = Release|Any CPU
		{39138800-DF11-4AAE-937C-B544E3D918BE}.Release|Any CPU.Build.0 = Release|Any CPU
	EndGlobalSection
	GlobalSection(SolutionProperties) = preSolution
		HideSolutionNode = FALSE
	EndGlobalSection
	GlobalSection(ExtensibilityGlobals) = postSolution
		SolutionGuid = {F2F9B1B6-1A19-45F4-A065-68B609B1AB05}
	EndGlobalSection
EndGlobal
